{
    "_meta": {
        "hash": {
            "sha256": "501773cfa99162e9df5eda67e3a32ab5144756223d64ec325811b0bc0f2fc919"
        },
        "pipfile-spec": 6,
        "requires": {
            "python_version": "3.9"
        },
        "sources": [
            {
                "name": "pypi",
                "url": "https://pypi.org/simple",
                "verify_ssl": true
            }
        ]
    },
    "default": {
        "certifi": {
            "hashes": [
                "sha256:1a4995114262bffbc2413b159f2a1a480c969de6e6eb13ee966d470af86af59c",
                "sha256:719a74fb9e33b9bd44cc7f3a8d94bc35e4049deebe19ba7d8e108280cfd59830"
            ],
            "index": "pypi",
            "version": "==2020.12.5"
        },
        "chardet": {
            "hashes": [
                "sha256:84ab92ed1c4d4f16916e05906b6b75a6c0fb5db821cc65e70cbd64a3e2a5eaae",
                "sha256:fc323ffcaeaed0e0a02bf4d117757b98aed530d9ed4531e3e15460124c106691"
            ],
            "index": "pypi",
            "version": "==3.0.4"
        },
        "docutils": {
            "hashes": [
                "sha256:0c5b78adfbf7762415433f5515cd5c9e762339e23369dbe8000d84a4bf4ab3af",
                "sha256:c2de3a60e9e7d07be26b7f2b00ca0309c207e06c100f9cc2a94931fc75a478fc"
            ],
            "index": "pypi",
            "version": "==0.16"
        },
        "filestack-python": {
            "hashes": [
                "sha256:16724de23a74cbe591c42abf6333b353a153c2c9e19edc4c6f538ac199f0e932",
                "sha256:2a35271245af0947329cfebda62b0d57f777402176ec4b94ed5ef296d7905cd5"
            ],
            "index": "pypi",
            "version": "==3.2.1"
        },
        "idna": {
            "hashes": [
                "sha256:b307872f855b18632ce0c21c5e45be78c0ea7ae4c15c828c20788b26921eb3f6",
                "sha256:b97d804b1e9b523befed77c48dacec60e6dcb0b5391d57af6a65a312a90648c0"
            ],
            "index": "pypi",
            "version": "==2.10"
        },
        "kivy": {
            "hashes": [
                "sha256:23a7538f9c02e5d7f82f0b92d7fd313fa21ee8f0bd9890283fc7e7b02090f101",
                "sha256:256846daa1a35b54b00426f7468423a962c3d8f909d7e8c713acab55c3281dee",
                "sha256:3e739c04d3a2f38cb76779d721487131cff8ed84dbc1730d5025d62306bf6e52",
                "sha256:5bd7dba6b0bc1f71623fa734fd63e38038772336995a334718cf8474a877eb40",
                "sha256:7d736474c8075d6ee17203bd5bd42d74307239409442b27d5bcb3f3641ab0414",
                "sha256:802982bbc7ff45bc2fa8af3816008252a3e63ded949a9f5ed6d361ecb3cfc2b7",
                "sha256:86cf1f0e40ef411872c9dbc75fc1e17ec6579d1e55cafe286da6c67c07dba4cb",
                "sha256:8973ed9f0cb0d9ef0f3a520841c61c0093788a7382e8ebe7c108ec03766d9fef",
                "sha256:98ed5f46f05707a80e32a4fdd7e9fce4ac5f15da8fc83f91d5769dc66f137e20",
                "sha256:a4a693d6d1fc26928498512b9da797581e407543a644b4e0c92b9297ea2fbec9",
                "sha256:aae542f2c030d4d95f5a717b7c862cd9537b74b99010b08807db63fdd9b029e0",
                "sha256:bfb6b801599eac5aa9388308119d42a637a495945c79e2e2a3f6ef60c563c770",
                "sha256:d25e44eb44e43762b2fd0c5874e51954e0f1181fd9800d8a6756be6d084812d8",
                "sha256:eb1cc4c1e223e290d413a383ac864d29d098b8abba8e881159c7d1177c6579af",
                "sha256:eca7bde37a2cffffdcdde85ac385c2e55d776333db00be0497bf884f61022d24",
                "sha256:ed1c3076d9ef1171f6076b3b97215e5c0bcea831ca308722677611a551f16b1b",
                "sha256:ef3727a47a565e6ea486365ee310bfb0445fcf7f0ab40c1461cbf304973637eb"
            ],
            "index": "pypi",
            "version": "==2.0.0"
        },
        "kivy-garden": {
            "hashes": [
                "sha256:9b7d9de5efacbcd0c4b3dd873b30622a86093c9965aa47b523c7a32f3eb34610",
                "sha256:c256f42788421273a08fbb0a228f0fb0e80dd86b629fb8c0920507f645be6c72"
            ],
            "index": "pypi",
            "version": "==0.1.4"
        },
        "numpy": {
            "hashes": [
                "sha256:09858463db6dd9f78b2a1a05c93f3b33d4f65975771e90d2cf7aadb7c2f66edf",
                "sha256:209666ce9d4a817e8a4597cd475b71b4878a85fa4b8db41d79fdb4fdee01dde2",
                "sha256:298156f4d3d46815eaf0fcf0a03f9625fc7631692bd1ad851517ab93c3168fc6",
                "sha256:30fc68307c0155d2a75ad19844224be0f2c6f06572d958db4e2053f816b859ad",
                "sha256:423216d8afc5923b15df86037c6053bf030d15cc9e3224206ef868c2d63dd6dc",
                "sha256:426a00b68b0d21f2deb2ace3c6d677e611ad5a612d2c76494e24a562a930c254",
                "sha256:466e682264b14982012887e90346d33435c984b7fead7b85e634903795c8fdb0",
                "sha256:51a7b9db0a2941434cd930dacaafe0fc9da8f3d6157f9d12f761bbde93f46218",
                "sha256:52a664323273c08f3b473548bf87c8145b7513afd63e4ebba8496ecd3853df13",
                "sha256:550564024dc5ceee9421a86fc0fb378aa9d222d4d0f858f6669eff7410c89bef",
                "sha256:5de64950137f3a50b76ce93556db392e8f1f954c2d8207f78a92d1f79aa9f737",
                "sha256:640c1ccfd56724f2955c237b6ccce2e5b8607c3bc1cc51d3933b8c48d1da3723",
                "sha256:7fdc7689daf3b845934d67cb221ba8d250fdca20ac0334fea32f7091b93f00d3",
                "sha256:805459ad8baaf815883d0d6f86e45b3b0b67d823a8f3fa39b1ed9c45eaf5edf1",
                "sha256:92a0ab128b07799dd5b9077a9af075a63467d03ebac6f8a93e6440abfea4120d",
                "sha256:9f2dc79c093f6c5113718d3d90c283f11463d77daa4e83aeeac088ec6a0bda52",
                "sha256:a5109345f5ce7ddb3840f5970de71c34a0ff7fceb133c9441283bb8250f532a3",
                "sha256:a55e4d81c4260386f71d22294795c87609164e22b28ba0d435850fbdf82fc0c5",
                "sha256:a9da45b748caad72ea4a4ed57e9cd382089f33c5ec330a804eb420a496fa760f",
                "sha256:b160b9a99ecc6559d9e6d461b95c8eec21461b332f80267ad2c10394b9503496",
                "sha256:b342064e647d099ca765f19672696ad50c953cac95b566af1492fd142283580f",
                "sha256:b5e8590b9245803c849e09bae070a8e1ff444f45e3f0bed558dd722119eea724",
                "sha256:bf75d5825ef47aa51d669b03ce635ecb84d69311e05eccea083f31c7570c9931",
                "sha256:c01b59b33c7c3ba90744f2c695be571a3bd40ab2ba7f3d169ffa6db3cfba614f",
                "sha256:d96a6a7d74af56feb11e9a443150216578ea07b7450f7c05df40eec90af7f4a7",
                "sha256:dd0e3651d210068d13e18503d75aaa45656eef51ef0b261f891788589db2cc38",
                "sha256:e167b9805de54367dcb2043519382be541117503ce99e3291cc9b41ca0a83557",
                "sha256:e42029e184008a5fd3d819323345e25e2337b0ac7f5c135b7623308530209d57",
                "sha256:f545c082eeb09ae678dd451a1b1dbf17babd8a0d7adea02897a76e639afca310",
                "sha256:fde50062d67d805bc96f1a9ecc0d37bfc2a8f02b937d2c50824d186aa91f2419"
            ],
            "markers": "python_version < '3.11' and python_version >= '3.7'",
            "version": "==1.21.2"
        },
        "opencv-python": {
            "hashes": [
                "sha256:05c5139d620e8d02f7ce0921796d55736fa19fa15e2ec00a388db2eb1ae1e9a1",
                "sha256:085232718f28bddd265da480874c37db5c7354cb08f23f4a68a8639b16276a89",
                "sha256:18a4a14015eee30d9cd514db8cdefbf594b1d5c234762d27abe512d62a333bc3",
                "sha256:205a73adb29c37e42475645519e612e843a985475da993d10b4d5daa6afec36a",
                "sha256:3c001d3feec7f3140f1fb78dfc52ca28122db8240826882d175a208a89d2731b",
                "sha256:437f30e300725e1d1b3744dbfbc66a523a4744792b58f3dbe1e9140c8f4dfba5",
                "sha256:5366fcd6eae4243add3c8c92142045850f1db8e464bcf0b75313e1596b2e3671",
                "sha256:54c64e86a087841869901fd34462bb6bec01cd4652800fdf5d92fe7b0596c82f",
                "sha256:6763729fcfee2a08e069aa1982c9a8c1abf55b9cdf2fb9640eda1d85bdece19a",
                "sha256:68813b720b88e4951e84399b9a8a7b532d45a07a96ea8f539636242f862e32e0",
                "sha256:7f41b97d84ac66bdf13cb4d9f4dad3e159525ba1e3f421e670c787ce536eb70a",
                "sha256:831b92fe63ce18dd628f71104da7e60596658b75e2fa16b83aefa3eb10c115e2",
                "sha256:881f3d85269500e0c7d72b140a6ebb5c14a089f8140fb9da7ce01f12a245858e",
                "sha256:8852be06c0749fef0d9c58f532bbcb0570968c59e41cf56b90f5c92593c6e108",
                "sha256:8b5bc61be7fc8565140b746288b370a4bfdb4edb9d680b66bb914e7690485db1",
                "sha256:8d3282138f3a8646941089aae142684910ebe40776266448eab5f4bb609fc63f",
                "sha256:9a78558b5ae848386edbb843c761e5fed5a8480be9af16274a5a78838529edeb",
                "sha256:b42bbba9f5421865377c7960bd4f3dd881003b322a6bf46ed2302b89224d102b",
                "sha256:c360cb76ad1ddbd5d2d3e730b42f2ff6e4be08ea6f4a6eefacca175d27467e8f",
                "sha256:cdc3363c2911d7cfc6c9f55308c51c2841a7aecbf0bf5e791499d220ce89d880",
                "sha256:e1f54736272830a1e895cedf7a4ee67737e31e966d380c82a81ef22515d043a3",
                "sha256:e42c644a70d5c54f53a4b114dbd88b4eb83f42a9ca998f07bd5682f3f404efcc",
                "sha256:f1bda4d144f5204e077ca4571453ebb2015e5748d5e0043386c92c2bbf7f52eb",
                "sha256:f3ac2355217114a683f3f72a9c40a5890914a59c4a2df62e4083c66ff65c9cf9"
            ],
            "index": "pypi",
            "version": "==4.5.3.56"
        },
        "pygments": {
            "hashes": [
                "sha256:ccf3acacf3782cbed4a989426012f1c535c9a90d3a7fc3f16d231b9372d2b716",
                "sha256:f275b6c0909e5dafd2d6269a656aa90fa58ebf4a74f8fcf9053195d226b24a08"
            ],
            "index": "pypi",
            "version": "==2.7.3"
        },
        "requests": {
            "hashes": [
                "sha256:43999036bfa82904b6af1d99e4882b560e5e2c68e5c4b0aa03b655f3d7d73fee",
                "sha256:5d2d0ffbb515f39417009a46c14256291061ac01ba8f875b90cad137de83beb4",
                "sha256:b3f43d496c6daba4493e7c431722aeb7dbc6288f52a6e04e7b6023b0247817e6"
            ],
            "index": "pypi",
            "version": "==2.23.0"
        },
        "trafaret": {
            "hashes": [
                "sha256:5d560577cb7f5ec015cdb9298e46ec07fd9e0224bc0aaecc7d0fa0e92ea251d9",
                "sha256:61dfc25b574f70bfdf7ee3a808ec423061811c13a10b8d3c9e11ab539b96ab65"
            ],
            "index": "pypi",
            "version": "==2.0.2"
        },
        "urllib3": {
            "hashes": [
                "sha256:8d7eaa5a82a1cac232164990f04874c594c9453ec55eef02eab885aa02fc17a2",
                "sha256:f5321fbe4bf3fefa0efd0bfe7fb14e90909eb62a48ccda331726b4319897dd5e"
            ],
            "index": "pypi",
            "version": "==1.25.11"
        }
    },
    "develop": {}
}
